
Microsoft Visual Studio Solution File, Format Version 12.00
# Visual Studio Version 16
VisualStudioVersion = 16.0.28803.202
MinimumVisualStudioVersion = 10.0.40219.1
Project("{9A19103F-16F7-4668-BE54-9A1E7A4F7556}") = "Lab4", "Lab4\Lab4.csproj", "{8CCE5580-104F-4B5E-A3D7-282AC2CD62D6}"
EndProject
Project("{9A19103F-16F7-4668-BE54-9A1E7A4F7556}") = "WebApiTests4", "WebApiTests4\WebApiTests4.csproj", "{63F3FEE6-B1C0-4F95-9BD5-64DBD8DFB680}"
EndProject
Global
	GlobalSection(SolutionConfigurationPlatforms) = preSolution
		Debug|Any CPU = Debug|Any CPU
		Release|Any CPU = Release|Any CPU
	EndGlobalSection
	GlobalSection(ProjectConfigurationPlatforms) = postSolution
		{8CCE5580-104F-4B5E-A3D7-282AC2CD62D6}.Debug|Any CPU.ActiveCfg = Debug|Any CPU
		{8CCE5580-104F-4B5E-A3D7-282AC2CD62D6}.Debug|Any CPU.Build.0 = Debug|Any CPU
		{8CCE5580-104F-4B5E-A3D7-282AC2CD62D6}.Release|Any CPU.ActiveCfg = Release|Any CPU
		{8CCE5580-104F-4B5E-A3D7-282AC2CD62D6}.Release|Any CPU.Build.0 = Release|Any CPU
		{63F3FEE6-B1C0-4F95-9BD5-64DBD8DFB680}.Debug|Any CPU.ActiveCfg = Debug|Any CPU
		{63F3FEE6-B1C0-4F95-9BD5-64DBD8DFB680}.Debug|Any CPU.Build.0 = Debug|Any CPU
		{63F3FEE6-B1C0-4F95-9BD5-64DBD8DFB680}.Release|Any CPU.ActiveCfg = Release|Any CPU
		{63F3FEE6-B1C0-4F95-9BD5-64DBD8DFB680}.Release|Any CPU.Build.0 = Release|Any CPU
	EndGlobalSection
	GlobalSection(SolutionProperties) = preSolution
		HideSolutionNode = FALSE
	EndGlobalSection
	GlobalSection(ExtensibilityGlobals) = postSolution
		SolutionGuid = {A349E5D0-BB95-4DBB-A98A-8764FC847DE5}
	EndGlobalSection
EndGlobal
